// !$*UTF8*$!
{
	archiveVersion = 1;
	classes = {
	};
	objectVersion = 51;
	objects = {

/* Begin PBXBuildFile section */
		397BAE73CFFBD58AFAC20B6D /* Pods_Currencies.framework in Frameworks */ = {isa = PBXBuildFile; fileRef = 0B1C790482F175F3DE3716BD /* Pods_Currencies.framework */; };
		EA4D4C7C263ACE51003DF7E4 /* AppDelegate.swift in Sources */ = {isa = PBXBuildFile; fileRef = EA4D4C7B263ACE51003DF7E4 /* AppDelegate.swift */; };
		EA4D4C85263ACE52003DF7E4 /* Assets.xcassets in Resources */ = {isa = PBXBuildFile; fileRef = EA4D4C84263ACE52003DF7E4 /* Assets.xcassets */; };
		EA4D4C88263ACE52003DF7E4 /* LaunchScreen.storyboard in Resources */ = {isa = PBXBuildFile; fileRef = EA4D4C86263ACE52003DF7E4 /* LaunchScreen.storyboard */; };
		EA4D4C9E263AD08E003DF7E4 /* Environment.swift in Sources */ = {isa = PBXBuildFile; fileRef = EA4D4C9D263AD08E003DF7E4 /* Environment.swift */; };
		EA4D4CF0263ADAC6003DF7E4 /* NetworkActivityLogger.swift in Sources */ = {isa = PBXBuildFile; fileRef = EA4D4CDA263ADAC6003DF7E4 /* NetworkActivityLogger.swift */; };
		EA4D4CF1263ADAC6003DF7E4 /* CURError.swift in Sources */ = {isa = PBXBuildFile; fileRef = EA4D4CDB263ADAC6003DF7E4 /* CURError.swift */; };
		EA4D4CF6263ADAC6003DF7E4 /* Decodable+Extensions.swift in Sources */ = {isa = PBXBuildFile; fileRef = EA4D4CE3263ADAC6003DF7E4 /* Decodable+Extensions.swift */; };
		EA4D4CF8263ADAC6003DF7E4 /* NetworkManager.swift in Sources */ = {isa = PBXBuildFile; fileRef = EA4D4CE6263ADAC6003DF7E4 /* NetworkManager.swift */; };
		EA4D4CFA263ADAC6003DF7E4 /* TargetType+Extensions.swift in Sources */ = {isa = PBXBuildFile; fileRef = EA4D4CE9263ADAC6003DF7E4 /* TargetType+Extensions.swift */; };
		EA4D4CFD263ADAC6003DF7E4 /* HTTPURLResponse+Extensions.swift in Sources */ = {isa = PBXBuildFile; fileRef = EA4D4CED263ADAC6003DF7E4 /* HTTPURLResponse+Extensions.swift */; };
		EA4D4CFE263ADAC6003DF7E4 /* NetworkError.swift in Sources */ = {isa = PBXBuildFile; fileRef = EA4D4CEE263ADAC6003DF7E4 /* NetworkError.swift */; };
		EA4D4CFF263ADAC6003DF7E4 /* HTTPStatusCode.swift in Sources */ = {isa = PBXBuildFile; fileRef = EA4D4CEF263ADAC6003DF7E4 /* HTTPStatusCode.swift */; };
		EA4D4D2F263ADD0D003DF7E4 /* Presentable.swift in Sources */ = {isa = PBXBuildFile; fileRef = EA4D4D18263ADD0D003DF7E4 /* Presentable.swift */; };
		EA4D4D30263ADD0D003DF7E4 /* Router.swift in Sources */ = {isa = PBXBuildFile; fileRef = EA4D4D19263ADD0D003DF7E4 /* Router.swift */; };
		EA4D4D31263ADD0D003DF7E4 /* Coordinator.swift in Sources */ = {isa = PBXBuildFile; fileRef = EA4D4D1A263ADD0D003DF7E4 /* Coordinator.swift */; };
		EA4D4D32263ADD0D003DF7E4 /* CoordinatorFactory.swift in Sources */ = {isa = PBXBuildFile; fileRef = EA4D4D1B263ADD0D003DF7E4 /* CoordinatorFactory.swift */; };
		EA4D4D33263ADD0D003DF7E4 /* BaseCoordinator.swift in Sources */ = {isa = PBXBuildFile; fileRef = EA4D4D1C263ADD0D003DF7E4 /* BaseCoordinator.swift */; };
		EA4D4D34263ADD0D003DF7E4 /* TabbarCoordinator.swift in Sources */ = {isa = PBXBuildFile; fileRef = EA4D4D1E263ADD0D003DF7E4 /* TabbarCoordinator.swift */; };
		EA4D4D35263ADD0D003DF7E4 /* TabbarView.swift in Sources */ = {isa = PBXBuildFile; fileRef = EA4D4D1F263ADD0D003DF7E4 /* TabbarView.swift */; };
		EA4D4D36263ADD0D003DF7E4 /* TabbarController.swift in Sources */ = {isa = PBXBuildFile; fileRef = EA4D4D20263ADD0D003DF7E4 /* TabbarController.swift */; };
		EA4D4D39263ADD52003DF7E4 /* UITabBarItem+Extensions.swift in Sources */ = {isa = PBXBuildFile; fileRef = EA4D4D38263ADD52003DF7E4 /* UITabBarItem+Extensions.swift */; };
		EA4D4D3B263ADD76003DF7E4 /* Services.swift in Sources */ = {isa = PBXBuildFile; fileRef = EA4D4D3A263ADD76003DF7E4 /* Services.swift */; };
		EA4D4D3E263ADFD9003DF7E4 /* DeepLinkOption.swift in Sources */ = {isa = PBXBuildFile; fileRef = EA4D4D3C263ADFD9003DF7E4 /* DeepLinkOption.swift */; };
		EA4D4D3F263ADFD9003DF7E4 /* AppServices.swift in Sources */ = {isa = PBXBuildFile; fileRef = EA4D4D3D263ADFD9003DF7E4 /* AppServices.swift */; };
		EA4D4D41263AE469003DF7E4 /* AppRouter.swift in Sources */ = {isa = PBXBuildFile; fileRef = EA4D4D40263AE469003DF7E4 /* AppRouter.swift */; };
		EA4D4D4A263AE5F3003DF7E4 /* MyCurrenciesVCFactory.swift in Sources */ = {isa = PBXBuildFile; fileRef = EA4D4D49263AE5F3003DF7E4 /* MyCurrenciesVCFactory.swift */; };
		EA4D4D4C263AE67E003DF7E4 /* AllCurrenciesVCFactory.swift in Sources */ = {isa = PBXBuildFile; fileRef = EA4D4D4B263AE67E003DF7E4 /* AllCurrenciesVCFactory.swift */; };
		EA4D4D53263AEA00003DF7E4 /* AllCurrenciesCoordinator.swift in Sources */ = {isa = PBXBuildFile; fileRef = EA4D4D52263AEA00003DF7E4 /* AllCurrenciesCoordinator.swift */; };
		EA4D4D59263AEAD7003DF7E4 /* MyCurrenciesCoordinator.swift in Sources */ = {isa = PBXBuildFile; fileRef = EA4D4D58263AEAD7003DF7E4 /* MyCurrenciesCoordinator.swift */; };
		EA4D4D5B263AEB2C003DF7E4 /* AppCoordinatorFactory.swift in Sources */ = {isa = PBXBuildFile; fileRef = EA4D4D5A263AEB2C003DF7E4 /* AppCoordinatorFactory.swift */; };
		EA4D4D61263AEC25003DF7E4 /* LaunchInstructor.swift in Sources */ = {isa = PBXBuildFile; fileRef = EA4D4D60263AEC25003DF7E4 /* LaunchInstructor.swift */; };
		EA4D4D63263AEC50003DF7E4 /* Instructor.swift in Sources */ = {isa = PBXBuildFile; fileRef = EA4D4D62263AEC50003DF7E4 /* Instructor.swift */; };
		EA4D4D65263AECB7003DF7E4 /* AppCoordinator.swift in Sources */ = {isa = PBXBuildFile; fileRef = EA4D4D64263AECB7003DF7E4 /* AppCoordinator.swift */; };
		EA4D4D69263AEDB8003DF7E4 /* BaseNavigationController.swift in Sources */ = {isa = PBXBuildFile; fileRef = EA4D4D68263AEDB8003DF7E4 /* BaseNavigationController.swift */; };
		EA4D4D6D263AF1B9003DF7E4 /* ContentViewSetupable.swift in Sources */ = {isa = PBXBuildFile; fileRef = EA4D4D6A263AF1B9003DF7E4 /* ContentViewSetupable.swift */; };
		EA4D4D6E263AF1B9003DF7E4 /* ViewModelable.swift in Sources */ = {isa = PBXBuildFile; fileRef = EA4D4D6B263AF1B9003DF7E4 /* ViewModelable.swift */; };
		EA4D4D6F263AF1B9003DF7E4 /* ViewControlable.swift in Sources */ = {isa = PBXBuildFile; fileRef = EA4D4D6C263AF1B9003DF7E4 /* ViewControlable.swift */; };
		EA4D4D71263AF218003DF7E4 /* BaseContentView.swift in Sources */ = {isa = PBXBuildFile; fileRef = EA4D4D70263AF218003DF7E4 /* BaseContentView.swift */; };
		EA4D4D73263AF268003DF7E4 /* BaseViewModel.swift in Sources */ = {isa = PBXBuildFile; fileRef = EA4D4D72263AF268003DF7E4 /* BaseViewModel.swift */; };
		EA4D4D75263AF32A003DF7E4 /* BaseViewController.swift in Sources */ = {isa = PBXBuildFile; fileRef = EA4D4D74263AF32A003DF7E4 /* BaseViewController.swift */; };
		EA4D4D7A263AF522003DF7E4 /* UIView+Layout.swift in Sources */ = {isa = PBXBuildFile; fileRef = EA4D4D79263AF522003DF7E4 /* UIView+Layout.swift */; };
		EA4D4D7D263AF5DD003DF7E4 /* ActivityIndicatorOverlayView.swift in Sources */ = {isa = PBXBuildFile; fileRef = EA4D4D7C263AF5DD003DF7E4 /* ActivityIndicatorOverlayView.swift */; };
/* End PBXBuildFile section */

/* Begin PBXFileReference section */
		0B1C790482F175F3DE3716BD /* Pods_Currencies.framework */ = {isa = PBXFileReference; explicitFileType = wrapper.framework; includeInIndex = 0; path = Pods_Currencies.framework; sourceTree = BUILT_PRODUCTS_DIR; };
		C48AEC3525685DAE9703DDA7 /* Pods-Currencies.release.xcconfig */ = {isa = PBXFileReference; includeInIndex = 1; lastKnownFileType = text.xcconfig; name = "Pods-Currencies.release.xcconfig"; path = "Target Support Files/Pods-Currencies/Pods-Currencies.release.xcconfig"; sourceTree = "<group>"; };
		EA4D4C78263ACE51003DF7E4 /* Currencies.app */ = {isa = PBXFileReference; explicitFileType = wrapper.application; includeInIndex = 0; path = Currencies.app; sourceTree = BUILT_PRODUCTS_DIR; };
		EA4D4C7B263ACE51003DF7E4 /* AppDelegate.swift */ = {isa = PBXFileReference; lastKnownFileType = sourcecode.swift; path = AppDelegate.swift; sourceTree = "<group>"; };
		EA4D4C84263ACE52003DF7E4 /* Assets.xcassets */ = {isa = PBXFileReference; lastKnownFileType = folder.assetcatalog; path = Assets.xcassets; sourceTree = "<group>"; };
		EA4D4C87263ACE52003DF7E4 /* Base */ = {isa = PBXFileReference; lastKnownFileType = file.storyboard; name = Base; path = Base.lproj/LaunchScreen.storyboard; sourceTree = "<group>"; };
		EA4D4C89263ACE52003DF7E4 /* Info.plist */ = {isa = PBXFileReference; lastKnownFileType = text.plist.xml; path = Info.plist; sourceTree = "<group>"; };
		EA4D4C97263ACFF3003DF7E4 /* Debug.xcconfig */ = {isa = PBXFileReference; lastKnownFileType = text.xcconfig; path = Debug.xcconfig; sourceTree = "<group>"; };
		EA4D4C9A263AD04B003DF7E4 /* Info.plist */ = {isa = PBXFileReference; lastKnownFileType = text.plist.xml; path = Info.plist; sourceTree = "<group>"; };
		EA4D4C9B263AD064003DF7E4 /* Release.xcconfig */ = {isa = PBXFileReference; lastKnownFileType = text.xcconfig; path = Release.xcconfig; sourceTree = "<group>"; };
		EA4D4C9D263AD08E003DF7E4 /* Environment.swift */ = {isa = PBXFileReference; lastKnownFileType = sourcecode.swift; path = Environment.swift; sourceTree = "<group>"; };
		EA4D4CDA263ADAC6003DF7E4 /* NetworkActivityLogger.swift */ = {isa = PBXFileReference; fileEncoding = 4; lastKnownFileType = sourcecode.swift; path = NetworkActivityLogger.swift; sourceTree = "<group>"; };
		EA4D4CDB263ADAC6003DF7E4 /* CURError.swift */ = {isa = PBXFileReference; fileEncoding = 4; lastKnownFileType = sourcecode.swift; path = CURError.swift; sourceTree = "<group>"; };
		EA4D4CE3263ADAC6003DF7E4 /* Decodable+Extensions.swift */ = {isa = PBXFileReference; fileEncoding = 4; lastKnownFileType = sourcecode.swift; path = "Decodable+Extensions.swift"; sourceTree = "<group>"; };
		EA4D4CE6263ADAC6003DF7E4 /* NetworkManager.swift */ = {isa = PBXFileReference; fileEncoding = 4; lastKnownFileType = sourcecode.swift; path = NetworkManager.swift; sourceTree = "<group>"; };
		EA4D4CE9263ADAC6003DF7E4 /* TargetType+Extensions.swift */ = {isa = PBXFileReference; fileEncoding = 4; lastKnownFileType = sourcecode.swift; path = "TargetType+Extensions.swift"; sourceTree = "<group>"; };
		EA4D4CED263ADAC6003DF7E4 /* HTTPURLResponse+Extensions.swift */ = {isa = PBXFileReference; fileEncoding = 4; lastKnownFileType = sourcecode.swift; path = "HTTPURLResponse+Extensions.swift"; sourceTree = "<group>"; };
		EA4D4CEE263ADAC6003DF7E4 /* NetworkError.swift */ = {isa = PBXFileReference; fileEncoding = 4; lastKnownFileType = sourcecode.swift; path = NetworkError.swift; sourceTree = "<group>"; };
		EA4D4CEF263ADAC6003DF7E4 /* HTTPStatusCode.swift */ = {isa = PBXFileReference; fileEncoding = 4; lastKnownFileType = sourcecode.swift; path = HTTPStatusCode.swift; sourceTree = "<group>"; };
		EA4D4D18263ADD0D003DF7E4 /* Presentable.swift */ = {isa = PBXFileReference; fileEncoding = 4; lastKnownFileType = sourcecode.swift; path = Presentable.swift; sourceTree = "<group>"; };
		EA4D4D19263ADD0D003DF7E4 /* Router.swift */ = {isa = PBXFileReference; fileEncoding = 4; lastKnownFileType = sourcecode.swift; path = Router.swift; sourceTree = "<group>"; };
		EA4D4D1A263ADD0D003DF7E4 /* Coordinator.swift */ = {isa = PBXFileReference; fileEncoding = 4; lastKnownFileType = sourcecode.swift; path = Coordinator.swift; sourceTree = "<group>"; };
		EA4D4D1B263ADD0D003DF7E4 /* CoordinatorFactory.swift */ = {isa = PBXFileReference; fileEncoding = 4; lastKnownFileType = sourcecode.swift; path = CoordinatorFactory.swift; sourceTree = "<group>"; };
		EA4D4D1C263ADD0D003DF7E4 /* BaseCoordinator.swift */ = {isa = PBXFileReference; fileEncoding = 4; lastKnownFileType = sourcecode.swift; path = BaseCoordinator.swift; sourceTree = "<group>"; };
		EA4D4D1E263ADD0D003DF7E4 /* TabbarCoordinator.swift */ = {isa = PBXFileReference; fileEncoding = 4; lastKnownFileType = sourcecode.swift; path = TabbarCoordinator.swift; sourceTree = "<group>"; };
		EA4D4D1F263ADD0D003DF7E4 /* TabbarView.swift */ = {isa = PBXFileReference; fileEncoding = 4; lastKnownFileType = sourcecode.swift; path = TabbarView.swift; sourceTree = "<group>"; };
		EA4D4D20263ADD0D003DF7E4 /* TabbarController.swift */ = {isa = PBXFileReference; fileEncoding = 4; lastKnownFileType = sourcecode.swift; path = TabbarController.swift; sourceTree = "<group>"; };
		EA4D4D38263ADD52003DF7E4 /* UITabBarItem+Extensions.swift */ = {isa = PBXFileReference; lastKnownFileType = sourcecode.swift; path = "UITabBarItem+Extensions.swift"; sourceTree = "<group>"; };
		EA4D4D3A263ADD76003DF7E4 /* Services.swift */ = {isa = PBXFileReference; lastKnownFileType = sourcecode.swift; path = Services.swift; sourceTree = "<group>"; };
		EA4D4D3C263ADFD9003DF7E4 /* DeepLinkOption.swift */ = {isa = PBXFileReference; fileEncoding = 4; lastKnownFileType = sourcecode.swift; path = DeepLinkOption.swift; sourceTree = "<group>"; };
		EA4D4D3D263ADFD9003DF7E4 /* AppServices.swift */ = {isa = PBXFileReference; fileEncoding = 4; lastKnownFileType = sourcecode.swift; path = AppServices.swift; sourceTree = "<group>"; };
		EA4D4D40263AE469003DF7E4 /* AppRouter.swift */ = {isa = PBXFileReference; fileEncoding = 4; lastKnownFileType = sourcecode.swift; path = AppRouter.swift; sourceTree = "<group>"; };
		EA4D4D49263AE5F3003DF7E4 /* MyCurrenciesVCFactory.swift */ = {isa = PBXFileReference; lastKnownFileType = sourcecode.swift; path = MyCurrenciesVCFactory.swift; sourceTree = "<group>"; };
		EA4D4D4B263AE67E003DF7E4 /* AllCurrenciesVCFactory.swift */ = {isa = PBXFileReference; lastKnownFileType = sourcecode.swift; path = AllCurrenciesVCFactory.swift; sourceTree = "<group>"; };
		EA4D4D52263AEA00003DF7E4 /* AllCurrenciesCoordinator.swift */ = {isa = PBXFileReference; lastKnownFileType = sourcecode.swift; path = AllCurrenciesCoordinator.swift; sourceTree = "<group>"; };
		EA4D4D58263AEAD7003DF7E4 /* MyCurrenciesCoordinator.swift */ = {isa = PBXFileReference; lastKnownFileType = sourcecode.swift; path = MyCurrenciesCoordinator.swift; sourceTree = "<group>"; };
		EA4D4D5A263AEB2C003DF7E4 /* AppCoordinatorFactory.swift */ = {isa = PBXFileReference; fileEncoding = 4; lastKnownFileType = sourcecode.swift; path = AppCoordinatorFactory.swift; sourceTree = "<group>"; };
		EA4D4D60263AEC25003DF7E4 /* LaunchInstructor.swift */ = {isa = PBXFileReference; fileEncoding = 4; lastKnownFileType = sourcecode.swift; path = LaunchInstructor.swift; sourceTree = "<group>"; };
		EA4D4D62263AEC50003DF7E4 /* Instructor.swift */ = {isa = PBXFileReference; fileEncoding = 4; lastKnownFileType = sourcecode.swift; path = Instructor.swift; sourceTree = "<group>"; };
		EA4D4D64263AECB7003DF7E4 /* AppCoordinator.swift */ = {isa = PBXFileReference; fileEncoding = 4; lastKnownFileType = sourcecode.swift; path = AppCoordinator.swift; sourceTree = "<group>"; };
		EA4D4D68263AEDB8003DF7E4 /* BaseNavigationController.swift */ = {isa = PBXFileReference; fileEncoding = 4; lastKnownFileType = sourcecode.swift; path = BaseNavigationController.swift; sourceTree = "<group>"; };
		EA4D4D6A263AF1B9003DF7E4 /* ContentViewSetupable.swift */ = {isa = PBXFileReference; fileEncoding = 4; lastKnownFileType = sourcecode.swift; path = ContentViewSetupable.swift; sourceTree = "<group>"; };
		EA4D4D6B263AF1B9003DF7E4 /* ViewModelable.swift */ = {isa = PBXFileReference; fileEncoding = 4; lastKnownFileType = sourcecode.swift; path = ViewModelable.swift; sourceTree = "<group>"; };
		EA4D4D6C263AF1B9003DF7E4 /* ViewControlable.swift */ = {isa = PBXFileReference; fileEncoding = 4; lastKnownFileType = sourcecode.swift; path = ViewControlable.swift; sourceTree = "<group>"; };
		EA4D4D70263AF218003DF7E4 /* BaseContentView.swift */ = {isa = PBXFileReference; fileEncoding = 4; lastKnownFileType = sourcecode.swift; path = BaseContentView.swift; sourceTree = "<group>"; };
		EA4D4D72263AF268003DF7E4 /* BaseViewModel.swift */ = {isa = PBXFileReference; lastKnownFileType = sourcecode.swift; path = BaseViewModel.swift; sourceTree = "<group>"; };
		EA4D4D74263AF32A003DF7E4 /* BaseViewController.swift */ = {isa = PBXFileReference; lastKnownFileType = sourcecode.swift; path = BaseViewController.swift; sourceTree = "<group>"; };
		EA4D4D79263AF522003DF7E4 /* UIView+Layout.swift */ = {isa = PBXFileReference; fileEncoding = 4; lastKnownFileType = sourcecode.swift; path = "UIView+Layout.swift"; sourceTree = "<group>"; };
		EA4D4D7C263AF5DD003DF7E4 /* ActivityIndicatorOverlayView.swift */ = {isa = PBXFileReference; fileEncoding = 4; lastKnownFileType = sourcecode.swift; path = ActivityIndicatorOverlayView.swift; sourceTree = "<group>"; };
		EB75F662818F678A7336EF21 /* Pods-Currencies.debug.xcconfig */ = {isa = PBXFileReference; includeInIndex = 1; lastKnownFileType = text.xcconfig; name = "Pods-Currencies.debug.xcconfig"; path = "Target Support Files/Pods-Currencies/Pods-Currencies.debug.xcconfig"; sourceTree = "<group>"; };
/* End PBXFileReference section */

/* Begin PBXFrameworksBuildPhase section */
		EA4D4C75263ACE51003DF7E4 /* Frameworks */ = {
			isa = PBXFrameworksBuildPhase;
			buildActionMask = 2147483647;
			files = (
				397BAE73CFFBD58AFAC20B6D /* Pods_Currencies.framework in Frameworks */,
			);
			runOnlyForDeploymentPostprocessing = 0;
		};
/* End PBXFrameworksBuildPhase section */

/* Begin PBXGroup section */
		1C11AF0FFD6FAB3E02F7A41E /* Frameworks */ = {
			isa = PBXGroup;
			children = (
				0B1C790482F175F3DE3716BD /* Pods_Currencies.framework */,
			);
			name = Frameworks;
			sourceTree = "<group>";
		};
		6C08F7ADDEAD6D399974D0A2 /* Pods */ = {
			isa = PBXGroup;
			children = (
				EB75F662818F678A7336EF21 /* Pods-Currencies.debug.xcconfig */,
				C48AEC3525685DAE9703DDA7 /* Pods-Currencies.release.xcconfig */,
			);
			path = Pods;
			sourceTree = "<group>";
		};
		EA4D4C6F263ACE51003DF7E4 = {
			isa = PBXGroup;
			children = (
				EA4D4C7A263ACE51003DF7E4 /* Currencies */,
				EA4D4C79263ACE51003DF7E4 /* Products */,
				6C08F7ADDEAD6D399974D0A2 /* Pods */,
				1C11AF0FFD6FAB3E02F7A41E /* Frameworks */,
			);
			sourceTree = "<group>";
		};
		EA4D4C79263ACE51003DF7E4 /* Products */ = {
			isa = PBXGroup;
			children = (
				EA4D4C78263ACE51003DF7E4 /* Currencies.app */,
			);
			name = Products;
			sourceTree = "<group>";
		};
		EA4D4C7A263ACE51003DF7E4 /* Currencies */ = {
			isa = PBXGroup;
			children = (
				EA4D4C8F263ACF22003DF7E4 /* App */,
				EA4D4C90263ACF39003DF7E4 /* Services */,
				EA4D4C91263ACF43003DF7E4 /* Factories */,
				EA4D4C92263ACF49003DF7E4 /* Navigation */,
				EA4D4C93263ACF4F003DF7E4 /* Common */,
				EA4D4C94263ACF54003DF7E4 /* Models */,
				EA4D4C95263ACF5A003DF7E4 /* Features */,
			);
			path = Currencies;
			sourceTree = "<group>";
		};
		EA4D4C8F263ACF22003DF7E4 /* App */ = {
			isa = PBXGroup;
			children = (
				EA4D4C9C263AD079003DF7E4 /* Configuration */,
				EA4D4C7B263ACE51003DF7E4 /* AppDelegate.swift */,
				EA4D4D64263AECB7003DF7E4 /* AppCoordinator.swift */,
				EA4D4D40263AE469003DF7E4 /* AppRouter.swift */,
				EA4D4C86263ACE52003DF7E4 /* LaunchScreen.storyboard */,
			);
			path = App;
			sourceTree = "<group>";
		};
		EA4D4C90263ACF39003DF7E4 /* Services */ = {
			isa = PBXGroup;
			children = (
				EA4D4CD9263ADAC6003DF7E4 /* Network */,
				EA4D4D60263AEC25003DF7E4 /* LaunchInstructor.swift */,
			);
			path = Services;
			sourceTree = "<group>";
		};
		EA4D4C91263ACF43003DF7E4 /* Factories */ = {
			isa = PBXGroup;
			children = (
				EA4D4D5A263AEB2C003DF7E4 /* AppCoordinatorFactory.swift */,
				EA4D4D49263AE5F3003DF7E4 /* MyCurrenciesVCFactory.swift */,
				EA4D4D4B263AE67E003DF7E4 /* AllCurrenciesVCFactory.swift */,
			);
			path = Factories;
			sourceTree = "<group>";
		};
		EA4D4C92263ACF49003DF7E4 /* Navigation */ = {
			isa = PBXGroup;
			children = (
				EA4D4D00263ADD0D003DF7E4 /* Coordinators */,
				EA4D4D1D263ADD0D003DF7E4 /* MainTabbarFlow */,
				EA4D4D15263ADD0D003DF7E4 /* Protocols */,
				EA4D4D1C263ADD0D003DF7E4 /* BaseCoordinator.swift */,
			);
			path = Navigation;
			sourceTree = "<group>";
		};
		EA4D4C93263ACF4F003DF7E4 /* Common */ = {
			isa = PBXGroup;
			children = (
				EA4D4D66263AEDA9003DF7E4 /* Components */,
				EA4D4D37263ADD3F003DF7E4 /* Extensions */,
				EA4D4C96263ACF93003DF7E4 /* Resource */,
			);
			path = Common;
			sourceTree = "<group>";
		};
		EA4D4C94263ACF54003DF7E4 /* Models */ = {
			isa = PBXGroup;
			children = (
				EA4D4CD6263ADA8C003DF7E4 /* Protocols */,
				EA4D4D3D263ADFD9003DF7E4 /* AppServices.swift */,
				EA4D4D3C263ADFD9003DF7E4 /* DeepLinkOption.swift */,
			);
			path = Models;
			sourceTree = "<group>";
		};
		EA4D4C95263ACF5A003DF7E4 /* Features */ = {
			isa = PBXGroup;
			children = (
			);
			path = Features;
			sourceTree = "<group>";
		};
		EA4D4C96263ACF93003DF7E4 /* Resource */ = {
			isa = PBXGroup;
			children = (
				EA4D4C84263ACE52003DF7E4 /* Assets.xcassets */,
			);
			path = Resource;
			sourceTree = "<group>";
		};
		EA4D4C98263AD01C003DF7E4 /* Debug */ = {
			isa = PBXGroup;
			children = (
				EA4D4C89263ACE52003DF7E4 /* Info.plist */,
				EA4D4C97263ACFF3003DF7E4 /* Debug.xcconfig */,
			);
			path = Debug;
			sourceTree = "<group>";
		};
		EA4D4C99263AD020003DF7E4 /* Release */ = {
			isa = PBXGroup;
			children = (
				EA4D4C9A263AD04B003DF7E4 /* Info.plist */,
				EA4D4C9B263AD064003DF7E4 /* Release.xcconfig */,
			);
			path = Release;
			sourceTree = "<group>";
		};
		EA4D4C9C263AD079003DF7E4 /* Configuration */ = {
			isa = PBXGroup;
			children = (
				EA4D4C99263AD020003DF7E4 /* Release */,
				EA4D4C98263AD01C003DF7E4 /* Debug */,
				EA4D4C9D263AD08E003DF7E4 /* Environment.swift */,
			);
			path = Configuration;
			sourceTree = "<group>";
		};
		EA4D4CD6263ADA8C003DF7E4 /* Protocols */ = {
			isa = PBXGroup;
			children = (
				EA4D4D3A263ADD76003DF7E4 /* Services.swift */,
				EA4D4D62263AEC50003DF7E4 /* Instructor.swift */,
				EA4D4D6A263AF1B9003DF7E4 /* ContentViewSetupable.swift */,
				EA4D4D6C263AF1B9003DF7E4 /* ViewControlable.swift */,
				EA4D4D6B263AF1B9003DF7E4 /* ViewModelable.swift */,
			);
			path = Protocols;
			sourceTree = "<group>";
		};
		EA4D4CD9263ADAC6003DF7E4 /* Network */ = {
			isa = PBXGroup;
			children = (
				EA4D4CDC263ADAC6003DF7E4 /* Repository */,
				EA4D4CEA263ADAC6003DF7E4 /* API */,
				EA4D4CDA263ADAC6003DF7E4 /* NetworkActivityLogger.swift */,
				EA4D4CDB263ADAC6003DF7E4 /* CURError.swift */,
				EA4D4CE3263ADAC6003DF7E4 /* Decodable+Extensions.swift */,
				EA4D4CE6263ADAC6003DF7E4 /* NetworkManager.swift */,
				EA4D4CE9263ADAC6003DF7E4 /* TargetType+Extensions.swift */,
				EA4D4CED263ADAC6003DF7E4 /* HTTPURLResponse+Extensions.swift */,
				EA4D4CEE263ADAC6003DF7E4 /* NetworkError.swift */,
				EA4D4CEF263ADAC6003DF7E4 /* HTTPStatusCode.swift */,
			);
			path = Network;
			sourceTree = "<group>";
		};
		EA4D4CDC263ADAC6003DF7E4 /* Repository */ = {
			isa = PBXGroup;
			children = (
			);
			path = Repository;
			sourceTree = "<group>";
		};
		EA4D4CEA263ADAC6003DF7E4 /* API */ = {
			isa = PBXGroup;
			children = (
			);
			path = API;
			sourceTree = "<group>";
		};
		EA4D4D00263ADD0D003DF7E4 /* Coordinators */ = {
			isa = PBXGroup;
			children = (
				EA4D4D57263AEAC9003DF7E4 /* MyCurrencies */,
				EA4D4D51263AE9F2003DF7E4 /* AllCurrencies */,
			);
			path = Coordinators;
			sourceTree = "<group>";
		};
		EA4D4D15263ADD0D003DF7E4 /* Protocols */ = {
			isa = PBXGroup;
			children = (
				EA4D4D17263ADD0D003DF7E4 /* Core */,
				EA4D4D1B263ADD0D003DF7E4 /* CoordinatorFactory.swift */,
			);
			path = Protocols;
			sourceTree = "<group>";
		};
		EA4D4D17263ADD0D003DF7E4 /* Core */ = {
			isa = PBXGroup;
			children = (
				EA4D4D18263ADD0D003DF7E4 /* Presentable.swift */,
				EA4D4D19263ADD0D003DF7E4 /* Router.swift */,
				EA4D4D1A263ADD0D003DF7E4 /* Coordinator.swift */,
			);
			path = Core;
			sourceTree = "<group>";
		};
		EA4D4D1D263ADD0D003DF7E4 /* MainTabbarFlow */ = {
			isa = PBXGroup;
			children = (
				EA4D4D1E263ADD0D003DF7E4 /* TabbarCoordinator.swift */,
				EA4D4D1F263ADD0D003DF7E4 /* TabbarView.swift */,
				EA4D4D20263ADD0D003DF7E4 /* TabbarController.swift */,
			);
			path = MainTabbarFlow;
			sourceTree = "<group>";
		};
		EA4D4D37263ADD3F003DF7E4 /* Extensions */ = {
			isa = PBXGroup;
			children = (
				EA4D4D38263ADD52003DF7E4 /* UITabBarItem+Extensions.swift */,
				EA4D4D79263AF522003DF7E4 /* UIView+Layout.swift */,
			);
			path = Extensions;
			sourceTree = "<group>";
		};
		EA4D4D51263AE9F2003DF7E4 /* AllCurrencies */ = {
			isa = PBXGroup;
			children = (
				EA4D4D52263AEA00003DF7E4 /* AllCurrenciesCoordinator.swift */,
			);
			path = AllCurrencies;
			sourceTree = "<group>";
		};
		EA4D4D57263AEAC9003DF7E4 /* MyCurrencies */ = {
			isa = PBXGroup;
			children = (
				EA4D4D58263AEAD7003DF7E4 /* MyCurrenciesCoordinator.swift */,
			);
			path = MyCurrencies;
			sourceTree = "<group>";
		};
		EA4D4D66263AEDA9003DF7E4 /* Components */ = {
			isa = PBXGroup;
			children = (
				EA4D4D7B263AF5CE003DF7E4 /* ActivityIndicator */,
				EA4D4D67263AEDB3003DF7E4 /* Base */,
			);
			path = Components;
			sourceTree = "<group>";
		};
		EA4D4D67263AEDB3003DF7E4 /* Base */ = {
			isa = PBXGroup;
			children = (
				EA4D4D68263AEDB8003DF7E4 /* BaseNavigationController.swift */,
				EA4D4D70263AF218003DF7E4 /* BaseContentView.swift */,
				EA4D4D72263AF268003DF7E4 /* BaseViewModel.swift */,
				EA4D4D74263AF32A003DF7E4 /* BaseViewController.swift */,
			);
			path = Base;
			sourceTree = "<group>";
		};
		EA4D4D7B263AF5CE003DF7E4 /* ActivityIndicator */ = {
			isa = PBXGroup;
			children = (
				EA4D4D7C263AF5DD003DF7E4 /* ActivityIndicatorOverlayView.swift */,
			);
			path = ActivityIndicator;
			sourceTree = "<group>";
		};
/* End PBXGroup section */

/* Begin PBXNativeTarget section */
		EA4D4C77263ACE51003DF7E4 /* Currencies */ = {
			isa = PBXNativeTarget;
			buildConfigurationList = EA4D4C8C263ACE52003DF7E4 /* Build configuration list for PBXNativeTarget "Currencies" */;
			buildPhases = (
				2712CCA14195DB26103EA5D2 /* [CP] Check Pods Manifest.lock */,
				EA4D4C74263ACE51003DF7E4 /* Sources */,
				EA4D4C75263ACE51003DF7E4 /* Frameworks */,
				EA4D4C76263ACE51003DF7E4 /* Resources */,
				679CEC845F6BD313E5DE667E /* [CP] Embed Pods Frameworks */,
			);
			buildRules = (
			);
			dependencies = (
			);
			name = Currencies;
			productName = Currencies;
			productReference = EA4D4C78263ACE51003DF7E4 /* Currencies.app */;
			productType = "com.apple.product-type.application";
		};
/* End PBXNativeTarget section */

/* Begin PBXProject section */
		EA4D4C70263ACE51003DF7E4 /* Project object */ = {
			isa = PBXProject;
			attributes = {
				LastSwiftUpdateCheck = 1250;
				LastUpgradeCheck = 1250;
				TargetAttributes = {
					EA4D4C77263ACE51003DF7E4 = {
						CreatedOnToolsVersion = 12.5;
					};
				};
			};
			buildConfigurationList = EA4D4C73263ACE51003DF7E4 /* Build configuration list for PBXProject "Currencies" */;
			compatibilityVersion = "Xcode 9.3";
			developmentRegion = en;
			hasScannedForEncodings = 0;
			knownRegions = (
				en,
				Base,
			);
			mainGroup = EA4D4C6F263ACE51003DF7E4;
			productRefGroup = EA4D4C79263ACE51003DF7E4 /* Products */;
			projectDirPath = "";
			projectRoot = "";
			targets = (
				EA4D4C77263ACE51003DF7E4 /* Currencies */,
			);
		};
/* End PBXProject section */

/* Begin PBXResourcesBuildPhase section */
		EA4D4C76263ACE51003DF7E4 /* Resources */ = {
			isa = PBXResourcesBuildPhase;
			buildActionMask = 2147483647;
			files = (
				EA4D4C88263ACE52003DF7E4 /* LaunchScreen.storyboard in Resources */,
				EA4D4C85263ACE52003DF7E4 /* Assets.xcassets in Resources */,
			);
			runOnlyForDeploymentPostprocessing = 0;
		};
/* End PBXResourcesBuildPhase section */

/* Begin PBXShellScriptBuildPhase section */
		2712CCA14195DB26103EA5D2 /* [CP] Check Pods Manifest.lock */ = {
			isa = PBXShellScriptBuildPhase;
			buildActionMask = 2147483647;
			files = (
			);
			inputFileListPaths = (
			);
			inputPaths = (
				"${PODS_PODFILE_DIR_PATH}/Podfile.lock",
				"${PODS_ROOT}/Manifest.lock",
			);
			name = "[CP] Check Pods Manifest.lock";
			outputFileListPaths = (
			);
			outputPaths = (
				"$(DERIVED_FILE_DIR)/Pods-Currencies-checkManifestLockResult.txt",
			);
			runOnlyForDeploymentPostprocessing = 0;
			shellPath = /bin/sh;
			shellScript = "diff \"${PODS_PODFILE_DIR_PATH}/Podfile.lock\" \"${PODS_ROOT}/Manifest.lock\" > /dev/null\nif [ $? != 0 ] ; then\n    # print error to STDERR\n    echo \"error: The sandbox is not in sync with the Podfile.lock. Run 'pod install' or update your CocoaPods installation.\" >&2\n    exit 1\nfi\n# This output is used by Xcode 'outputs' to avoid re-running this script phase.\necho \"SUCCESS\" > \"${SCRIPT_OUTPUT_FILE_0}\"\n";
			showEnvVarsInLog = 0;
		};
		679CEC845F6BD313E5DE667E /* [CP] Embed Pods Frameworks */ = {
			isa = PBXShellScriptBuildPhase;
			buildActionMask = 2147483647;
			files = (
			);
			inputFileListPaths = (
				"${PODS_ROOT}/Target Support Files/Pods-Currencies/Pods-Currencies-frameworks-${CONFIGURATION}-input-files.xcfilelist",
			);
			name = "[CP] Embed Pods Frameworks";
			outputFileListPaths = (
				"${PODS_ROOT}/Target Support Files/Pods-Currencies/Pods-Currencies-frameworks-${CONFIGURATION}-output-files.xcfilelist",
			);
			runOnlyForDeploymentPostprocessing = 0;
			shellPath = /bin/sh;
			shellScript = "\"${PODS_ROOT}/Target Support Files/Pods-Currencies/Pods-Currencies-frameworks.sh\"\n";
			showEnvVarsInLog = 0;
		};
/* End PBXShellScriptBuildPhase section */

/* Begin PBXSourcesBuildPhase section */
		EA4D4C74263ACE51003DF7E4 /* Sources */ = {
			isa = PBXSourcesBuildPhase;
			buildActionMask = 2147483647;
			files = (
				EA4D4CFE263ADAC6003DF7E4 /* NetworkError.swift in Sources */,
				EA4D4D36263ADD0D003DF7E4 /* TabbarController.swift in Sources */,
				EA4D4CFD263ADAC6003DF7E4 /* HTTPURLResponse+Extensions.swift in Sources */,
				EA4D4D71263AF218003DF7E4 /* BaseContentView.swift in Sources */,
				EA4D4D59263AEAD7003DF7E4 /* MyCurrenciesCoordinator.swift in Sources */,
				EA4D4D65263AECB7003DF7E4 /* AppCoordinator.swift in Sources */,
				EA4D4D61263AEC25003DF7E4 /* LaunchInstructor.swift in Sources */,
				EA4D4D53263AEA00003DF7E4 /* AllCurrenciesCoordinator.swift in Sources */,
				EA4D4CFA263ADAC6003DF7E4 /* TargetType+Extensions.swift in Sources */,
				EA4D4D35263ADD0D003DF7E4 /* TabbarView.swift in Sources */,
				EA4D4CF1263ADAC6003DF7E4 /* CURError.swift in Sources */,
				EA4D4CF0263ADAC6003DF7E4 /* NetworkActivityLogger.swift in Sources */,
				EA4D4D31263ADD0D003DF7E4 /* Coordinator.swift in Sources */,
				EA4D4D6E263AF1B9003DF7E4 /* ViewModelable.swift in Sources */,
				EA4D4D4A263AE5F3003DF7E4 /* MyCurrenciesVCFactory.swift in Sources */,
				EA4D4D5B263AEB2C003DF7E4 /* AppCoordinatorFactory.swift in Sources */,
				EA4D4D33263ADD0D003DF7E4 /* BaseCoordinator.swift in Sources */,
				EA4D4D4C263AE67E003DF7E4 /* AllCurrenciesVCFactory.swift in Sources */,
				EA4D4D41263AE469003DF7E4 /* AppRouter.swift in Sources */,
				EA4D4CFF263ADAC6003DF7E4 /* HTTPStatusCode.swift in Sources */,
				EA4D4D7D263AF5DD003DF7E4 /* ActivityIndicatorOverlayView.swift in Sources */,
				EA4D4D7A263AF522003DF7E4 /* UIView+Layout.swift in Sources */,
				EA4D4D3B263ADD76003DF7E4 /* Services.swift in Sources */,
				EA4D4D69263AEDB8003DF7E4 /* BaseNavigationController.swift in Sources */,
				EA4D4D30263ADD0D003DF7E4 /* Router.swift in Sources */,
				EA4D4D75263AF32A003DF7E4 /* BaseViewController.swift in Sources */,
				EA4D4D3F263ADFD9003DF7E4 /* AppServices.swift in Sources */,
				EA4D4D3E263ADFD9003DF7E4 /* DeepLinkOption.swift in Sources */,
				EA4D4C7C263ACE51003DF7E4 /* AppDelegate.swift in Sources */,
				EA4D4D2F263ADD0D003DF7E4 /* Presentable.swift in Sources */,
				EA4D4D73263AF268003DF7E4 /* BaseViewModel.swift in Sources */,
				EA4D4CF8263ADAC6003DF7E4 /* NetworkManager.swift in Sources */,
				EA4D4D32263ADD0D003DF7E4 /* CoordinatorFactory.swift in Sources */,
				EA4D4D39263ADD52003DF7E4 /* UITabBarItem+Extensions.swift in Sources */,
				EA4D4CF6263ADAC6003DF7E4 /* Decodable+Extensions.swift in Sources */,
				EA4D4D34263ADD0D003DF7E4 /* TabbarCoordinator.swift in Sources */,
				EA4D4D63263AEC50003DF7E4 /* Instructor.swift in Sources */,
				EA4D4D6D263AF1B9003DF7E4 /* ContentViewSetupable.swift in Sources */,
				EA4D4D6F263AF1B9003DF7E4 /* ViewControlable.swift in Sources */,
				EA4D4C9E263AD08E003DF7E4 /* Environment.swift in Sources */,
			);
			runOnlyForDeploymentPostprocessing = 0;
		};
/* End PBXSourcesBuildPhase section */

/* Begin PBXVariantGroup section */
		EA4D4C86263ACE52003DF7E4 /* LaunchScreen.storyboard */ = {
			isa = PBXVariantGroup;
			children = (
				EA4D4C87263ACE52003DF7E4 /* Base */,
			);
			name = LaunchScreen.storyboard;
			sourceTree = "<group>";
		};
/* End PBXVariantGroup section */

/* Begin XCBuildConfiguration section */
		EA4D4C8A263ACE52003DF7E4 /* Debug */ = {
			isa = XCBuildConfiguration;
			baseConfigurationReference = EA4D4C97263ACFF3003DF7E4 /* Debug.xcconfig */;
			buildSettings = {
				ALWAYS_SEARCH_USER_PATHS = NO;
				CLANG_ANALYZER_NONNULL = YES;
				CLANG_ANALYZER_NUMBER_OBJECT_CONVERSION = YES_AGGRESSIVE;
				CLANG_CXX_LANGUAGE_STANDARD = "gnu++14";
				CLANG_CXX_LIBRARY = "libc++";
				CLANG_ENABLE_MODULES = YES;
				CLANG_ENABLE_OBJC_ARC = YES;
				CLANG_ENABLE_OBJC_WEAK = YES;
				CLANG_WARN_BLOCK_CAPTURE_AUTORELEASING = YES;
				CLANG_WARN_BOOL_CONVERSION = YES;
				CLANG_WARN_COMMA = YES;
				CLANG_WARN_CONSTANT_CONVERSION = YES;
				CLANG_WARN_DEPRECATED_OBJC_IMPLEMENTATIONS = YES;
				CLANG_WARN_DIRECT_OBJC_ISA_USAGE = YES_ERROR;
				CLANG_WARN_DOCUMENTATION_COMMENTS = YES;
				CLANG_WARN_EMPTY_BODY = YES;
				CLANG_WARN_ENUM_CONVERSION = YES;
				CLANG_WARN_INFINITE_RECURSION = YES;
				CLANG_WARN_INT_CONVERSION = YES;
				CLANG_WARN_NON_LITERAL_NULL_CONVERSION = YES;
				CLANG_WARN_OBJC_IMPLICIT_RETAIN_SELF = YES;
				CLANG_WARN_OBJC_LITERAL_CONVERSION = YES;
				CLANG_WARN_OBJC_ROOT_CLASS = YES_ERROR;
				CLANG_WARN_QUOTED_INCLUDE_IN_FRAMEWORK_HEADER = YES;
				CLANG_WARN_RANGE_LOOP_ANALYSIS = YES;
				CLANG_WARN_STRICT_PROTOTYPES = YES;
				CLANG_WARN_SUSPICIOUS_MOVE = YES;
				CLANG_WARN_UNGUARDED_AVAILABILITY = YES_AGGRESSIVE;
				CLANG_WARN_UNREACHABLE_CODE = YES;
				CLANG_WARN__DUPLICATE_METHOD_MATCH = YES;
				COPY_PHASE_STRIP = NO;
				DEBUG_INFORMATION_FORMAT = dwarf;
				ENABLE_STRICT_OBJC_MSGSEND = YES;
				ENABLE_TESTABILITY = YES;
				GCC_C_LANGUAGE_STANDARD = gnu11;
				GCC_DYNAMIC_NO_PIC = NO;
				GCC_NO_COMMON_BLOCKS = YES;
				GCC_OPTIMIZATION_LEVEL = 0;
				GCC_PREPROCESSOR_DEFINITIONS = (
					"DEBUG=1",
					"$(inherited)",
				);
				GCC_WARN_64_TO_32_BIT_CONVERSION = YES;
				GCC_WARN_ABOUT_RETURN_TYPE = YES_ERROR;
				GCC_WARN_UNDECLARED_SELECTOR = YES;
				GCC_WARN_UNINITIALIZED_AUTOS = YES_AGGRESSIVE;
				GCC_WARN_UNUSED_FUNCTION = YES;
				GCC_WARN_UNUSED_VARIABLE = YES;
				IPHONEOS_DEPLOYMENT_TARGET = 11.0;
				MTL_ENABLE_DEBUG_INFO = INCLUDE_SOURCE;
				MTL_FAST_MATH = YES;
				ONLY_ACTIVE_ARCH = YES;
				SDKROOT = iphoneos;
				SWIFT_ACTIVE_COMPILATION_CONDITIONS = DEBUG;
				SWIFT_OPTIMIZATION_LEVEL = "-Onone";
			};
			name = Debug;
		};
		EA4D4C8B263ACE52003DF7E4 /* Release */ = {
			isa = XCBuildConfiguration;
			baseConfigurationReference = EA4D4C9B263AD064003DF7E4 /* Release.xcconfig */;
			buildSettings = {
				ALWAYS_SEARCH_USER_PATHS = NO;
				CLANG_ANALYZER_NONNULL = YES;
				CLANG_ANALYZER_NUMBER_OBJECT_CONVERSION = YES_AGGRESSIVE;
				CLANG_CXX_LANGUAGE_STANDARD = "gnu++14";
				CLANG_CXX_LIBRARY = "libc++";
				CLANG_ENABLE_MODULES = YES;
				CLANG_ENABLE_OBJC_ARC = YES;
				CLANG_ENABLE_OBJC_WEAK = YES;
				CLANG_WARN_BLOCK_CAPTURE_AUTORELEASING = YES;
				CLANG_WARN_BOOL_CONVERSION = YES;
				CLANG_WARN_COMMA = YES;
				CLANG_WARN_CONSTANT_CONVERSION = YES;
				CLANG_WARN_DEPRECATED_OBJC_IMPLEMENTATIONS = YES;
				CLANG_WARN_DIRECT_OBJC_ISA_USAGE = YES_ERROR;
				CLANG_WARN_DOCUMENTATION_COMMENTS = YES;
				CLANG_WARN_EMPTY_BODY = YES;
				CLANG_WARN_ENUM_CONVERSION = YES;
				CLANG_WARN_INFINITE_RECURSION = YES;
				CLANG_WARN_INT_CONVERSION = YES;
				CLANG_WARN_NON_LITERAL_NULL_CONVERSION = YES;
				CLANG_WARN_OBJC_IMPLICIT_RETAIN_SELF = YES;
				CLANG_WARN_OBJC_LITERAL_CONVERSION = YES;
				CLANG_WARN_OBJC_ROOT_CLASS = YES_ERROR;
				CLANG_WARN_QUOTED_INCLUDE_IN_FRAMEWORK_HEADER = YES;
				CLANG_WARN_RANGE_LOOP_ANALYSIS = YES;
				CLANG_WARN_STRICT_PROTOTYPES = YES;
				CLANG_WARN_SUSPICIOUS_MOVE = YES;
				CLANG_WARN_UNGUARDED_AVAILABILITY = YES_AGGRESSIVE;
				CLANG_WARN_UNREACHABLE_CODE = YES;
				CLANG_WARN__DUPLICATE_METHOD_MATCH = YES;
				COPY_PHASE_STRIP = NO;
				DEBUG_INFORMATION_FORMAT = "dwarf-with-dsym";
				ENABLE_NS_ASSERTIONS = NO;
				ENABLE_STRICT_OBJC_MSGSEND = YES;
				GCC_C_LANGUAGE_STANDARD = gnu11;
				GCC_NO_COMMON_BLOCKS = YES;
				GCC_WARN_64_TO_32_BIT_CONVERSION = YES;
				GCC_WARN_ABOUT_RETURN_TYPE = YES_ERROR;
				GCC_WARN_UNDECLARED_SELECTOR = YES;
				GCC_WARN_UNINITIALIZED_AUTOS = YES_AGGRESSIVE;
				GCC_WARN_UNUSED_FUNCTION = YES;
				GCC_WARN_UNUSED_VARIABLE = YES;
				IPHONEOS_DEPLOYMENT_TARGET = 11.0;
				MTL_ENABLE_DEBUG_INFO = NO;
				MTL_FAST_MATH = YES;
				SDKROOT = iphoneos;
				SWIFT_COMPILATION_MODE = wholemodule;
				SWIFT_OPTIMIZATION_LEVEL = "-O";
				VALIDATE_PRODUCT = YES;
			};
			name = Release;
		};
		EA4D4C8D263ACE52003DF7E4 /* Debug */ = {
			isa = XCBuildConfiguration;
			baseConfigurationReference = EA4D4C97263ACFF3003DF7E4 /* Debug.xcconfig */;
			buildSettings = {
				ASSETCATALOG_COMPILER_APPICON_NAME = "$(PRODUCT_ICON_NAME)";
				ASSETCATALOG_COMPILER_GLOBAL_ACCENT_COLOR_NAME = AccentColor;
				CODE_SIGN_STYLE = Automatic;
				DEVELOPMENT_TEAM = UG52XXUG9P;
				INFOPLIST_FILE = "$(PRODUCT_INFO_PLIST)";
				LD_RUNPATH_SEARCH_PATHS = (
					"$(inherited)",
					"@executable_path/Frameworks",
				);
				PRODUCT_BUNDLE_IDENTIFIER = "$(PRODUCT_BUNDLE_ID)";
				PRODUCT_NAME = "$(TARGET_NAME)";
				SWIFT_VERSION = 5.0;
				TARGETED_DEVICE_FAMILY = "1,2";
			};
			name = Debug;
		};
		EA4D4C8E263ACE52003DF7E4 /* Release */ = {
			isa = XCBuildConfiguration;
			baseConfigurationReference = EA4D4C9B263AD064003DF7E4 /* Release.xcconfig */;
			buildSettings = {
				ASSETCATALOG_COMPILER_APPICON_NAME = "$(PRODUCT_ICON_NAME)";
				ASSETCATALOG_COMPILER_GLOBAL_ACCENT_COLOR_NAME = AccentColor;
				CODE_SIGN_STYLE = Automatic;
				DEVELOPMENT_TEAM = UG52XXUG9P;
				INFOPLIST_FILE = "$(PRODUCT_INFO_PLIST)";
				LD_RUNPATH_SEARCH_PATHS = (
					"$(inherited)",
					"@executable_path/Frameworks",
				);
				PRODUCT_BUNDLE_IDENTIFIER = "$(PRODUCT_BUNDLE_ID)";
				PRODUCT_NAME = "$(TARGET_NAME)";
				SWIFT_VERSION = 5.0;
				TARGETED_DEVICE_FAMILY = "1,2";
			};
			name = Release;
		};
/* End XCBuildConfiguration section */

/* Begin XCConfigurationList section */
		EA4D4C73263ACE51003DF7E4 /* Build configuration list for PBXProject "Currencies" */ = {
			isa = XCConfigurationList;
			buildConfigurations = (
				EA4D4C8A263ACE52003DF7E4 /* Debug */,
				EA4D4C8B263ACE52003DF7E4 /* Release */,
			);
			defaultConfigurationIsVisible = 0;
			defaultConfigurationName = Release;
		};
		EA4D4C8C263ACE52003DF7E4 /* Build configuration list for PBXNativeTarget "Currencies" */ = {
			isa = XCConfigurationList;
			buildConfigurations = (
				EA4D4C8D263ACE52003DF7E4 /* Debug */,
				EA4D4C8E263ACE52003DF7E4 /* Release */,
			);
			defaultConfigurationIsVisible = 0;
			defaultConfigurationName = Release;
		};
/* End XCConfigurationList section */
	};
	rootObject = EA4D4C70263ACE51003DF7E4 /* Project object */;
}
